[[package]]
name = "bitflags"
version = "1.0.4"
source = "registry+https://github.com/rust-lang/crates.io-index"

[[package]]
name = "csfml-audio-sys"
version = "0.4.0"
source = "registry+https://github.com/rust-lang/crates.io-index"
dependencies = [
 "csfml-system-sys 0.4.0 (registry+https://github.com/rust-lang/crates.io-index)",
 "sfml-build 0.2.0 (registry+https://github.com/rust-lang/crates.io-index)",
]

[[package]]
name = "csfml-graphics-sys"
version = "0.4.0"
source = "registry+https://github.com/rust-lang/crates.io-index"
dependencies = [
 "csfml-system-sys 0.4.0 (registry+https://github.com/rust-lang/crates.io-index)",
 "csfml-window-sys 0.4.0 (registry+https://github.com/rust-lang/crates.io-index)",
 "sfml-build 0.2.0 (registry+https://github.com/rust-lang/crates.io-index)",
]

[[package]]
name = "csfml-system-sys"
version = "0.4.0"
source = "registry+https://github.com/rust-lang/crates.io-index"
dependencies = [
 "sfml-build 0.2.0 (registry+https://github.com/rust-lang/crates.io-index)",
]

[[package]]
name = "csfml-window-sys"
version = "0.4.0"
source = "registry+https://github.com/rust-lang/crates.io-index"
dependencies = [
 "csfml-system-sys 0.4.0 (registry+https://github.com/rust-lang/crates.io-index)",
 "sfml-build 0.2.0 (registry+https://github.com/rust-lang/crates.io-index)",
]

[[package]]
name = "sfml"
version = "0.14.0"
source = "registry+https://github.com/rust-lang/crates.io-index"
dependencies = [
 "bitflags 1.0.4 (registry+https://github.com/rust-lang/crates.io-index)",
 "csfml-audio-sys 0.4.0 (registry+https://github.com/rust-lang/crates.io-index)",
 "csfml-graphics-sys 0.4.0 (registry+https://github.com/rust-lang/crates.io-index)",
 "csfml-system-sys 0.4.0 (registry+https://github.com/rust-lang/crates.io-index)",
 "csfml-window-sys 0.4.0 (registry+https://github.com/rust-lang/crates.io-index)",
]

[[package]]
name = "sfml-build"
version = "0.2.0"
source = "registry+https://github.com/rust-lang/crates.io-index"

[[package]]
name = "textwrap"
version = "0.11.0"
source = "registry+https://github.com/rust-lang/crates.io-index"
dependencies = [
 "unicode-width 0.1.5 (registry+https://github.com/rust-lang/crates.io-index)",
]

[[package]]
name = "unicode-width"
version = "0.1.5"
source = "registry+https://github.com/rust-lang/crates.io-index"

[[package]]
name = "vacances"
version = "0.1.0"
dependencies = [
 "sfml 0.14.0 (registry+https://github.com/rust-lang/crates.io-index)",
 "textwrap 0.11.0 (registry+https://github.com/rust-lang/crates.io-index)",
]

[metadata]
"checksum bitflags 1.0.4 (registry+https://github.com/rust-lang/crates.io-index)" = "228047a76f468627ca71776ecdebd732a3423081fcf5125585bcd7c49886ce12"
"checksum csfml-audio-sys 0.4.0 (registry+https://github.com/rust-lang/crates.io-index)" = "c3f55bfdd00e6ded8b4bbf62acfe7e62a493584a7b0774642dac59d822061aa4"
"checksum csfml-graphics-sys 0.4.0 (registry+https://github.com/rust-lang/crates.io-index)" = "d508c34b7376ca0450422ee11642b5aba43bde59673c822bb436e9fc126d8487"
"checksum csfml-system-sys 0.4.0 (registry+https://github.com/rust-lang/crates.io-index)" = "226869ac0651d7592d2fc0795f5e44101fbd7b22548d6cf6f0e0e74e54efa1fd"
"checksum csfml-window-sys 0.4.0 (registry+https://github.com/rust-lang/crates.io-index)" = "86fd0d9840a9f92ae0960cef634c1b5781b15847dbb099a9ee6021bb5c1cb618"
"checksum sfml 0.14.0 (registry+https://github.com/rust-lang/crates.io-index)" = "47b06f9db4d3f8b936d232d92bfbd6335060ae51ddcf1be2e79361aeb5c8fef1"
"checksum sfml-build 0.2.0 (registry+https://github.com/rust-lang/crates.io-index)" = "ff35ae173aff95bc967d1b4f0e131a8aec384c317fd057738da4b0f71c8cf841"
"checksum textwrap 0.11.0 (registry+https://github.com/rust-lang/crates.io-index)" = "d326610f408c7a4eb6f51c37c330e496b08506c9457c9d34287ecc38809fb060"
"checksum unicode-width 0.1.5 (registry+https://github.com/rust-lang/crates.io-index)" = "882386231c45df4700b275c7ff55b6f3698780a650026380e72dabe76fa46526"
